
Microsoft Visual Studio Solution File, Format Version 12.00
# Visual Studio Version 17
VisualStudioVersion = 17.0.32014.148
MinimumVisualStudioVersion = 10.0.40219.1
Project("{9A19103F-16F7-4668-BE54-9A1E7A4F7556}") = "ClassBot", "ClassBot\ClassBot.csproj", "{39BBC231-1CAD-4D4E-AA3E-FA5970B0D281}"
EndProject
Project("{9A19103F-16F7-4668-BE54-9A1E7A4F7556}") = "ControlApp", "ControlApp\ControlApp.csproj", "{F087C4AC-82CD-49F5-9BEB-B113123F9F47}"
EndProject
Project("{FAE04EC0-301F-11D3-BF4B-00C04F79EFBC}") = "BotTest", "BotTest\BotTest.csproj", "{03BB633A-4791-4F1A-9173-5BCEB20397C6}"
EndProject
Global
	GlobalSection(SolutionConfigurationPlatforms) = preSolution
		Debug|Any CPU = Debug|Any CPU
		Release|Any CPU = Release|Any CPU
	EndGlobalSection
	GlobalSection(ProjectConfigurationPlatforms) = postSolution
		{39BBC231-1CAD-4D4E-AA3E-FA5970B0D281}.Debug|Any CPU.ActiveCfg = Debug|Any CPU
		{39BBC231-1CAD-4D4E-AA3E-FA5970B0D281}.Debug|Any CPU.Build.0 = Debug|Any CPU
		{39BBC231-1CAD-4D4E-AA3E-FA5970B0D281}.Release|Any CPU.ActiveCfg = Release|Any CPU
		{39BBC231-1CAD-4D4E-AA3E-FA5970B0D281}.Release|Any CPU.Build.0 = Release|Any CPU
		{F087C4AC-82CD-49F5-9BEB-B113123F9F47}.Debug|Any CPU.ActiveCfg = Debug|Any CPU
		{F087C4AC-82CD-49F5-9BEB-B113123F9F47}.Debug|Any CPU.Build.0 = Debug|Any CPU
		{F087C4AC-82CD-49F5-9BEB-B113123F9F47}.Release|Any CPU.ActiveCfg = Release|Any CPU
		{F087C4AC-82CD-49F5-9BEB-B113123F9F47}.Release|Any CPU.Build.0 = Release|Any CPU
		{03BB633A-4791-4F1A-9173-5BCEB20397C6}.Debug|Any CPU.ActiveCfg = Debug|Any CPU
		{03BB633A-4791-4F1A-9173-5BCEB20397C6}.Debug|Any CPU.Build.0 = Debug|Any CPU
		{03BB633A-4791-4F1A-9173-5BCEB20397C6}.Release|Any CPU.ActiveCfg = Release|Any CPU
		{03BB633A-4791-4F1A-9173-5BCEB20397C6}.Release|Any CPU.Build.0 = Release|Any CPU
	EndGlobalSection
	GlobalSection(SolutionProperties) = preSolution
		HideSolutionNode = FALSE
	EndGlobalSection
	GlobalSection(ExtensibilityGlobals) = postSolution
		SolutionGuid = {70582A89-1E49-47B5-BE36-36AD1D600E77}
	EndGlobalSection
EndGlobal
